// !$*UTF8*$!
{
	archiveVersion = 1;
	classes = {
	};
	objectVersion = 50;
	objects = {

/* Begin PBXBuildFile section */
		4E59AE5821ABAC2300724830 /* AppDelegate.swift in Sources */ = {isa = PBXBuildFile; fileRef = 4E59AE5721ABAC2300724830 /* AppDelegate.swift */; };
		4E59AE5D21ABAC2300724830 /* Main.storyboard in Resources */ = {isa = PBXBuildFile; fileRef = 4E59AE5B21ABAC2300724830 /* Main.storyboard */; };
		4E59AE5F21ABAC2600724830 /* Assets.xcassets in Resources */ = {isa = PBXBuildFile; fileRef = 4E59AE5E21ABAC2600724830 /* Assets.xcassets */; };
		4E59AE6221ABAC2600724830 /* LaunchScreen.storyboard in Resources */ = {isa = PBXBuildFile; fileRef = 4E59AE6021ABAC2600724830 /* LaunchScreen.storyboard */; };
		4E59AE6D21ABAC2600724830 /* PhotoramaTests.swift in Sources */ = {isa = PBXBuildFile; fileRef = 4E59AE6C21ABAC2600724830 /* PhotoramaTests.swift */; };
		4E59AE7821ABAC2600724830 /* PhotoramaUITests.swift in Sources */ = {isa = PBXBuildFile; fileRef = 4E59AE7721ABAC2600724830 /* PhotoramaUITests.swift */; };
		4E59AE8621ABAC6300724830 /* PhotosViewController.swift in Sources */ = {isa = PBXBuildFile; fileRef = 4E59AE8521ABAC6300724830 /* PhotosViewController.swift */; };
		4E59AE8821ABBAF200724830 /* FlickrAPI.swift in Sources */ = {isa = PBXBuildFile; fileRef = 4E59AE8721ABBAF200724830 /* FlickrAPI.swift */; };
		4E59AE8A21ABCC0B00724830 /* PhotoStore.swift in Sources */ = {isa = PBXBuildFile; fileRef = 4E59AE8921ABCC0B00724830 /* PhotoStore.swift */; };
		4E59AE8C21ABFF5800724830 /* Photo.swift in Sources */ = {isa = PBXBuildFile; fileRef = 4E59AE8B21ABFF5800724830 /* Photo.swift */; };
		4E8D6A8721AD000600158A8C /* PhotoDataSource.swift in Sources */ = {isa = PBXBuildFile; fileRef = 4E8D6A8621AD000600158A8C /* PhotoDataSource.swift */; };
		4E8D6A8921AD107000158A8C /* PhotoCollectionViewCell.swift in Sources */ = {isa = PBXBuildFile; fileRef = 4E8D6A8821AD107000158A8C /* PhotoCollectionViewCell.swift */; };
		4E8D6A8D21AD496A00158A8C /* ImageStore.swift in Sources */ = {isa = PBXBuildFile; fileRef = 4E8D6A8C21AD496A00158A8C /* ImageStore.swift */; };
		4E8D6A8F21AD4C0F00158A8C /* PhotoInfoViewController.swift in Sources */ = {isa = PBXBuildFile; fileRef = 4E8D6A8E21AD4C0F00158A8C /* PhotoInfoViewController.swift */; };
/* End PBXBuildFile section */

/* Begin PBXContainerItemProxy section */
		4E59AE6921ABAC2600724830 /* PBXContainerItemProxy */ = {
			isa = PBXContainerItemProxy;
			containerPortal = 4E59AE4C21ABAC2300724830 /* Project object */;
			proxyType = 1;
			remoteGlobalIDString = 4E59AE5321ABAC2300724830;
			remoteInfo = Photorama;
		};
		4E59AE7421ABAC2600724830 /* PBXContainerItemProxy */ = {
			isa = PBXContainerItemProxy;
			containerPortal = 4E59AE4C21ABAC2300724830 /* Project object */;
			proxyType = 1;
			remoteGlobalIDString = 4E59AE5321ABAC2300724830;
			remoteInfo = Photorama;
		};
/* End PBXContainerItemProxy section */

/* Begin PBXFileReference section */
		4E59AE5421ABAC2300724830 /* Photorama.app */ = {isa = PBXFileReference; explicitFileType = wrapper.application; includeInIndex = 0; path = Photorama.app; sourceTree = BUILT_PRODUCTS_DIR; };
		4E59AE5721ABAC2300724830 /* AppDelegate.swift */ = {isa = PBXFileReference; lastKnownFileType = sourcecode.swift; path = AppDelegate.swift; sourceTree = "<group>"; };
		4E59AE5C21ABAC2300724830 /* Base */ = {isa = PBXFileReference; lastKnownFileType = file.storyboard; name = Base; path = Base.lproj/Main.storyboard; sourceTree = "<group>"; };
		4E59AE5E21ABAC2600724830 /* Assets.xcassets */ = {isa = PBXFileReference; lastKnownFileType = folder.assetcatalog; path = Assets.xcassets; sourceTree = "<group>"; };
		4E59AE6121ABAC2600724830 /* Base */ = {isa = PBXFileReference; lastKnownFileType = file.storyboard; name = Base; path = Base.lproj/LaunchScreen.storyboard; sourceTree = "<group>"; };
		4E59AE6321ABAC2600724830 /* Info.plist */ = {isa = PBXFileReference; lastKnownFileType = text.plist.xml; path = Info.plist; sourceTree = "<group>"; };
		4E59AE6821ABAC2600724830 /* PhotoramaTests.xctest */ = {isa = PBXFileReference; explicitFileType = wrapper.cfbundle; includeInIndex = 0; path = PhotoramaTests.xctest; sourceTree = BUILT_PRODUCTS_DIR; };
		4E59AE6C21ABAC2600724830 /* PhotoramaTests.swift */ = {isa = PBXFileReference; lastKnownFileType = sourcecode.swift; path = PhotoramaTests.swift; sourceTree = "<group>"; };
		4E59AE6E21ABAC2600724830 /* Info.plist */ = {isa = PBXFileReference; lastKnownFileType = text.plist.xml; path = Info.plist; sourceTree = "<group>"; };
		4E59AE7321ABAC2600724830 /* PhotoramaUITests.xctest */ = {isa = PBXFileReference; explicitFileType = wrapper.cfbundle; includeInIndex = 0; path = PhotoramaUITests.xctest; sourceTree = BUILT_PRODUCTS_DIR; };
		4E59AE7721ABAC2600724830 /* PhotoramaUITests.swift */ = {isa = PBXFileReference; lastKnownFileType = sourcecode.swift; path = PhotoramaUITests.swift; sourceTree = "<group>"; };
		4E59AE7921ABAC2600724830 /* Info.plist */ = {isa = PBXFileReference; lastKnownFileType = text.plist.xml; path = Info.plist; sourceTree = "<group>"; };
		4E59AE8521ABAC6300724830 /* PhotosViewController.swift */ = {isa = PBXFileReference; lastKnownFileType = sourcecode.swift; path = PhotosViewController.swift; sourceTree = "<group>"; };
		4E59AE8721ABBAF200724830 /* FlickrAPI.swift */ = {isa = PBXFileReference; lastKnownFileType = sourcecode.swift; path = FlickrAPI.swift; sourceTree = "<group>"; };
		4E59AE8921ABCC0B00724830 /* PhotoStore.swift */ = {isa = PBXFileReference; lastKnownFileType = sourcecode.swift; path = PhotoStore.swift; sourceTree = "<group>"; };
		4E59AE8B21ABFF5800724830 /* Photo.swift */ = {isa = PBXFileReference; lastKnownFileType = sourcecode.swift; path = Photo.swift; sourceTree = "<group>"; };
		4E8D6A8621AD000600158A8C /* PhotoDataSource.swift */ = {isa = PBXFileReference; lastKnownFileType = sourcecode.swift; path = PhotoDataSource.swift; sourceTree = "<group>"; };
		4E8D6A8821AD107000158A8C /* PhotoCollectionViewCell.swift */ = {isa = PBXFileReference; lastKnownFileType = sourcecode.swift; path = PhotoCollectionViewCell.swift; sourceTree = "<group>"; };
		4E8D6A8C21AD496A00158A8C /* ImageStore.swift */ = {isa = PBXFileReference; fileEncoding = 4; lastKnownFileType = sourcecode.swift; path = ImageStore.swift; sourceTree = "<group>"; };
		4E8D6A8E21AD4C0F00158A8C /* PhotoInfoViewController.swift */ = {isa = PBXFileReference; lastKnownFileType = sourcecode.swift; path = PhotoInfoViewController.swift; sourceTree = "<group>"; };
/* End PBXFileReference section */

/* Begin PBXFrameworksBuildPhase section */
		4E59AE5121ABAC2300724830 /* Frameworks */ = {
			isa = PBXFrameworksBuildPhase;
			buildActionMask = 2147483647;
			files = (
			);
			runOnlyForDeploymentPostprocessing = 0;
		};
		4E59AE6521ABAC2600724830 /* Frameworks */ = {
			isa = PBXFrameworksBuildPhase;
			buildActionMask = 2147483647;
			files = (
			);
			runOnlyForDeploymentPostprocessing = 0;
		};
		4E59AE7021ABAC2600724830 /* Frameworks */ = {
			isa = PBXFrameworksBuildPhase;
			buildActionMask = 2147483647;
			files = (
			);
			runOnlyForDeploymentPostprocessing = 0;
		};
/* End PBXFrameworksBuildPhase section */

/* Begin PBXGroup section */
		4E59AE4B21ABAC2300724830 = {
			isa = PBXGroup;
			children = (
				4E59AE5621ABAC2300724830 /* Photorama */,
				4E59AE6B21ABAC2600724830 /* PhotoramaTests */,
				4E59AE7621ABAC2600724830 /* PhotoramaUITests */,
				4E59AE5521ABAC2300724830 /* Products */,
			);
			sourceTree = "<group>";
		};
		4E59AE5521ABAC2300724830 /* Products */ = {
			isa = PBXGroup;
			children = (
				4E59AE5421ABAC2300724830 /* Photorama.app */,
				4E59AE6821ABAC2600724830 /* PhotoramaTests.xctest */,
				4E59AE7321ABAC2600724830 /* PhotoramaUITests.xctest */,
			);
			name = Products;
			sourceTree = "<group>";
		};
		4E59AE5621ABAC2300724830 /* Photorama */ = {
			isa = PBXGroup;
			children = (
				4E59AE5721ABAC2300724830 /* AppDelegate.swift */,
				4E59AE8521ABAC6300724830 /* PhotosViewController.swift */,
				4E59AE8721ABBAF200724830 /* FlickrAPI.swift */,
				4E59AE8921ABCC0B00724830 /* PhotoStore.swift */,
				4E59AE8B21ABFF5800724830 /* Photo.swift */,
				4E8D6A8621AD000600158A8C /* PhotoDataSource.swift */,
				4E8D6A8821AD107000158A8C /* PhotoCollectionViewCell.swift */,
				4E8D6A8C21AD496A00158A8C /* ImageStore.swift */,
				4E8D6A8E21AD4C0F00158A8C /* PhotoInfoViewController.swift */,
				4E59AE5B21ABAC2300724830 /* Main.storyboard */,
				4E59AE5E21ABAC2600724830 /* Assets.xcassets */,
				4E59AE6021ABAC2600724830 /* LaunchScreen.storyboard */,
				4E59AE6321ABAC2600724830 /* Info.plist */,
			);
			path = Photorama;
			sourceTree = "<group>";
		};
		4E59AE6B21ABAC2600724830 /* PhotoramaTests */ = {
			isa = PBXGroup;
			children = (
				4E59AE6C21ABAC2600724830 /* PhotoramaTests.swift */,
				4E59AE6E21ABAC2600724830 /* Info.plist */,
			);
			path = PhotoramaTests;
			sourceTree = "<group>";
		};
		4E59AE7621ABAC2600724830 /* PhotoramaUITests */ = {
			isa = PBXGroup;
			children = (
				4E59AE7721ABAC2600724830 /* PhotoramaUITests.swift */,
				4E59AE7921ABAC2600724830 /* Info.plist */,
			);
			path = PhotoramaUITests;
			sourceTree = "<group>";
		};
/* End PBXGroup section */

/* Begin PBXNativeTarget section */
		4E59AE5321ABAC2300724830 /* Photorama */ = {
			isa = PBXNativeTarget;
			buildConfigurationList = 4E59AE7C21ABAC2600724830 /* Build configuration list for PBXNativeTarget "Photorama" */;
			buildPhases = (
				4E59AE5021ABAC2300724830 /* Sources */,
				4E59AE5121ABAC2300724830 /* Frameworks */,
				4E59AE5221ABAC2300724830 /* Resources */,
			);
			buildRules = (
			);
			dependencies = (
			);
			name = Photorama;
			productName = Photorama;
			productReference = 4E59AE5421ABAC2300724830 /* Photorama.app */;
			productType = "com.apple.product-type.application";
		};
		4E59AE6721ABAC2600724830 /* PhotoramaTests */ = {
			isa = PBXNativeTarget;
			buildConfigurationList = 4E59AE7F21ABAC2600724830 /* Build configuration list for PBXNativeTarget "PhotoramaTests" */;
			buildPhases = (
				4E59AE6421ABAC2600724830 /* Sources */,
				4E59AE6521ABAC2600724830 /* Frameworks */,
				4E59AE6621ABAC2600724830 /* Resources */,
			);
			buildRules = (
			);
			dependencies = (
				4E59AE6A21ABAC2600724830 /* PBXTargetDependency */,
			);
			name = PhotoramaTests;
			productName = PhotoramaTests;
			productReference = 4E59AE6821ABAC2600724830 /* PhotoramaTests.xctest */;
			productType = "com.apple.product-type.bundle.unit-test";
		};
		4E59AE7221ABAC2600724830 /* PhotoramaUITests */ = {
			isa = PBXNativeTarget;
			buildConfigurationList = 4E59AE8221ABAC2600724830 /* Build configuration list for PBXNativeTarget "PhotoramaUITests" */;
			buildPhases = (
				4E59AE6F21ABAC2600724830 /* Sources */,
				4E59AE7021ABAC2600724830 /* Frameworks */,
				4E59AE7121ABAC2600724830 /* Resources */,
			);
			buildRules = (
			);
			dependencies = (
				4E59AE7521ABAC2600724830 /* PBXTargetDependency */,
			);
			name = PhotoramaUITests;
			productName = PhotoramaUITests;
			productReference = 4E59AE7321ABAC2600724830 /* PhotoramaUITests.xctest */;
			productType = "com.apple.product-type.bundle.ui-testing";
		};
/* End PBXNativeTarget section */

/* Begin PBXProject section */
		4E59AE4C21ABAC2300724830 /* Project object */ = {
			isa = PBXProject;
			attributes = {
				LastSwiftUpdateCheck = 1010;
				LastUpgradeCheck = 1010;
				ORGANIZATIONNAME = freakytune;
				TargetAttributes = {
					4E59AE5321ABAC2300724830 = {
						CreatedOnToolsVersion = 10.1;
					};
					4E59AE6721ABAC2600724830 = {
						CreatedOnToolsVersion = 10.1;
						TestTargetID = 4E59AE5321ABAC2300724830;
					};
					4E59AE7221ABAC2600724830 = {
						CreatedOnToolsVersion = 10.1;
						TestTargetID = 4E59AE5321ABAC2300724830;
					};
				};
			};
			buildConfigurationList = 4E59AE4F21ABAC2300724830 /* Build configuration list for PBXProject "Photorama" */;
			compatibilityVersion = "Xcode 9.3";
			developmentRegion = en;
			hasScannedForEncodings = 0;
			knownRegions = (
				en,
				Base,
			);
			mainGroup = 4E59AE4B21ABAC2300724830;
			productRefGroup = 4E59AE5521ABAC2300724830 /* Products */;
			projectDirPath = "";
			projectRoot = "";
			targets = (
				4E59AE5321ABAC2300724830 /* Photorama */,
				4E59AE6721ABAC2600724830 /* PhotoramaTests */,
				4E59AE7221ABAC2600724830 /* PhotoramaUITests */,
			);
		};
/* End PBXProject section */

/* Begin PBXResourcesBuildPhase section */
		4E59AE5221ABAC2300724830 /* Resources */ = {
			isa = PBXResourcesBuildPhase;
			buildActionMask = 2147483647;
			files = (
				4E59AE6221ABAC2600724830 /* LaunchScreen.storyboard in Resources */,
				4E59AE5F21ABAC2600724830 /* Assets.xcassets in Resources */,
				4E59AE5D21ABAC2300724830 /* Main.storyboard in Resources */,
			);
			runOnlyForDeploymentPostprocessing = 0;
		};
		4E59AE6621ABAC2600724830 /* Resources */ = {
			isa = PBXResourcesBuildPhase;
			buildActionMask = 2147483647;
			files = (
			);
			runOnlyForDeploymentPostprocessing = 0;
		};
		4E59AE7121ABAC2600724830 /* Resources */ = {
			isa = PBXResourcesBuildPhase;
			buildActionMask = 2147483647;
			files = (
			);
			runOnlyForDeploymentPostprocessing = 0;
		};
/* End PBXResourcesBuildPhase section */

/* Begin PBXSourcesBuildPhase section */
		4E59AE5021ABAC2300724830 /* Sources */ = {
			isa = PBXSourcesBuildPhase;
			buildActionMask = 2147483647;
			files = (
				4E59AE8821ABBAF200724830 /* FlickrAPI.swift in Sources */,
				4E59AE8621ABAC6300724830 /* PhotosViewController.swift in Sources */,
				4E59AE8A21ABCC0B00724830 /* PhotoStore.swift in Sources */,
				4E8D6A8D21AD496A00158A8C /* ImageStore.swift in Sources */,
				4E8D6A8721AD000600158A8C /* PhotoDataSource.swift in Sources */,
				4E8D6A8921AD107000158A8C /* PhotoCollectionViewCell.swift in Sources */,
				4E59AE5821ABAC2300724830 /* AppDelegate.swift in Sources */,
				4E59AE8C21ABFF5800724830 /* Photo.swift in Sources */,
				4E8D6A8F21AD4C0F00158A8C /* PhotoInfoViewController.swift in Sources */,
			);
			runOnlyForDeploymentPostprocessing = 0;
		};
		4E59AE6421ABAC2600724830 /* Sources */ = {
			isa = PBXSourcesBuildPhase;
			buildActionMask = 2147483647;
			files = (
				4E59AE6D21ABAC2600724830 /* PhotoramaTests.swift in Sources */,
			);
			runOnlyForDeploymentPostprocessing = 0;
		};
		4E59AE6F21ABAC2600724830 /* Sources */ = {
			isa = PBXSourcesBuildPhase;
			buildActionMask = 2147483647;
			files = (
				4E59AE7821ABAC2600724830 /* PhotoramaUITests.swift in Sources */,
			);
			runOnlyForDeploymentPostprocessing = 0;
		};
/* End PBXSourcesBuildPhase section */

/* Begin PBXTargetDependency section */
		4E59AE6A21ABAC2600724830 /* PBXTargetDependency */ = {
			isa = PBXTargetDependency;
			target = 4E59AE5321ABAC2300724830 /* Photorama */;
			targetProxy = 4E59AE6921ABAC2600724830 /* PBXContainerItemProxy */;
		};
		4E59AE7521ABAC2600724830 /* PBXTargetDependency */ = {
			isa = PBXTargetDependency;
			target = 4E59AE5321ABAC2300724830 /* Photorama */;
			targetProxy = 4E59AE7421ABAC2600724830 /* PBXContainerItemProxy */;
		};
/* End PBXTargetDependency section */

/* Begin PBXVariantGroup section */
		4E59AE5B21ABAC2300724830 /* Main.storyboard */ = {
			isa = PBXVariantGroup;
			children = (
				4E59AE5C21ABAC2300724830 /* Base */,
			);
			name = Main.storyboard;
			sourceTree = "<group>";
		};
		4E59AE6021ABAC2600724830 /* LaunchScreen.storyboard */ = {
			isa = PBXVariantGroup;
			children = (
				4E59AE6121ABAC2600724830 /* Base */,
			);
			name = LaunchScreen.storyboard;
			sourceTree = "<group>";
		};
/* End PBXVariantGroup section */

/* Begin XCBuildConfiguration section */
		4E59AE7A21ABAC2600724830 /* Debug */ = {
			isa = XCBuildConfiguration;
			buildSettings = {
				ALWAYS_SEARCH_USER_PATHS = NO;
				CLANG_ANALYZER_NONNULL = YES;
				CLANG_ANALYZER_NUMBER_OBJECT_CONVERSION = YES_AGGRESSIVE;
				CLANG_CXX_LANGUAGE_STANDARD = "gnu++14";
				CLANG_CXX_LIBRARY = "libc++";
				CLANG_ENABLE_MODULES = YES;
				CLANG_ENABLE_OBJC_ARC = YES;
				CLANG_ENABLE_OBJC_WEAK = YES;
				CLANG_WARN_BLOCK_CAPTURE_AUTORELEASING = YES;
				CLANG_WARN_BOOL_CONVERSION = YES;
				CLANG_WARN_COMMA = YES;
				CLANG_WARN_CONSTANT_CONVERSION = YES;
				CLANG_WARN_DEPRECATED_OBJC_IMPLEMENTATIONS = YES;
				CLANG_WARN_DIRECT_OBJC_ISA_USAGE = YES_ERROR;
				CLANG_WARN_DOCUMENTATION_COMMENTS = YES;
				CLANG_WARN_EMPTY_BODY = YES;
				CLANG_WARN_ENUM_CONVERSION = YES;
				CLANG_WARN_INFINITE_RECURSION = YES;
				CLANG_WARN_INT_CONVERSION = YES;
				CLANG_WARN_NON_LITERAL_NULL_CONVERSION = YES;
				CLANG_WARN_OBJC_IMPLICIT_RETAIN_SELF = YES;
				CLANG_WARN_OBJC_LITERAL_CONVERSION = YES;
				CLANG_WARN_OBJC_ROOT_CLASS = YES_ERROR;
				CLANG_WARN_RANGE_LOOP_ANALYSIS = YES;
				CLANG_WARN_STRICT_PROTOTYPES = YES;
				CLANG_WARN_SUSPICIOUS_MOVE = YES;
				CLANG_WARN_UNGUARDED_AVAILABILITY = YES_AGGRESSIVE;
				CLANG_WARN_UNREACHABLE_CODE = YES;
				CLANG_WARN__DUPLICATE_METHOD_MATCH = YES;
				CODE_SIGN_IDENTITY = "iPhone Developer";
				COPY_PHASE_STRIP = NO;
				DEBUG_INFORMATION_FORMAT = dwarf;
				ENABLE_STRICT_OBJC_MSGSEND = YES;
				ENABLE_TESTABILITY = YES;
				GCC_C_LANGUAGE_STANDARD = gnu11;
				GCC_DYNAMIC_NO_PIC = NO;
				GCC_NO_COMMON_BLOCKS = YES;
				GCC_OPTIMIZATION_LEVEL = 0;
				GCC_PREPROCESSOR_DEFINITIONS = (
					"DEBUG=1",
					"$(inherited)",
				);
				GCC_WARN_64_TO_32_BIT_CONVERSION = YES;
				GCC_WARN_ABOUT_RETURN_TYPE = YES_ERROR;
				GCC_WARN_UNDECLARED_SELECTOR = YES;
				GCC_WARN_UNINITIALIZED_AUTOS = YES_AGGRESSIVE;
				GCC_WARN_UNUSED_FUNCTION = YES;
				GCC_WARN_UNUSED_VARIABLE = YES;
				IPHONEOS_DEPLOYMENT_TARGET = 12.1;
				MTL_ENABLE_DEBUG_INFO = INCLUDE_SOURCE;
				MTL_FAST_MATH = YES;
				ONLY_ACTIVE_ARCH = YES;
				SDKROOT = iphoneos;
				SWIFT_ACTIVE_COMPILATION_CONDITIONS = DEBUG;
				SWIFT_OPTIMIZATION_LEVEL = "-Onone";
			};
			name = Debug;
		};
		4E59AE7B21ABAC2600724830 /* Release */ = {
			isa = XCBuildConfiguration;
			buildSettings = {
				ALWAYS_SEARCH_USER_PATHS = NO;
				CLANG_ANALYZER_NONNULL = YES;
				CLANG_ANALYZER_NUMBER_OBJECT_CONVERSION = YES_AGGRESSIVE;
				CLANG_CXX_LANGUAGE_STANDARD = "gnu++14";
				CLANG_CXX_LIBRARY = "libc++";
				CLANG_ENABLE_MODULES = YES;
				CLANG_ENABLE_OBJC_ARC = YES;
				CLANG_ENABLE_OBJC_WEAK = YES;
				CLANG_WARN_BLOCK_CAPTURE_AUTORELEASING = YES;
				CLANG_WARN_BOOL_CONVERSION = YES;
				CLANG_WARN_COMMA = YES;
				CLANG_WARN_CONSTANT_CONVERSION = YES;
				CLANG_WARN_DEPRECATED_OBJC_IMPLEMENTATIONS = YES;
				CLANG_WARN_DIRECT_OBJC_ISA_USAGE = YES_ERROR;
				CLANG_WARN_DOCUMENTATION_COMMENTS = YES;
				CLANG_WARN_EMPTY_BODY = YES;
				CLANG_WARN_ENUM_CONVERSION = YES;
				CLANG_WARN_INFINITE_RECURSION = YES;
				CLANG_WARN_INT_CONVERSION = YES;
				CLANG_WARN_NON_LITERAL_NULL_CONVERSION = YES;
				CLANG_WARN_OBJC_IMPLICIT_RETAIN_SELF = YES;
				CLANG_WARN_OBJC_LITERAL_CONVERSION = YES;
				CLANG_WARN_OBJC_ROOT_CLASS = YES_ERROR;
				CLANG_WARN_RANGE_LOOP_ANALYSIS = YES;
				CLANG_WARN_STRICT_PROTOTYPES = YES;
				CLANG_WARN_SUSPICIOUS_MOVE = YES;
				CLANG_WARN_UNGUARDED_AVAILABILITY = YES_AGGRESSIVE;
				CLANG_WARN_UNREACHABLE_CODE = YES;
				CLANG_WARN__DUPLICATE_METHOD_MATCH = YES;
				CODE_SIGN_IDENTITY = "iPhone Developer";
				COPY_PHASE_STRIP = NO;
				DEBUG_INFORMATION_FORMAT = "dwarf-with-dsym";
				ENABLE_NS_ASSERTIONS = NO;
				ENABLE_STRICT_OBJC_MSGSEND = YES;
				GCC_C_LANGUAGE_STANDARD = gnu11;
				GCC_NO_COMMON_BLOCKS = YES;
				GCC_WARN_64_TO_32_BIT_CONVERSION = YES;
				GCC_WARN_ABOUT_RETURN_TYPE = YES_ERROR;
				GCC_WARN_UNDECLARED_SELECTOR = YES;
				GCC_WARN_UNINITIALIZED_AUTOS = YES_AGGRESSIVE;
				GCC_WARN_UNUSED_FUNCTION = YES;
				GCC_WARN_UNUSED_VARIABLE = YES;
				IPHONEOS_DEPLOYMENT_TARGET = 12.1;
				MTL_ENABLE_DEBUG_INFO = NO;
				MTL_FAST_MATH = YES;
				SDKROOT = iphoneos;
				SWIFT_COMPILATION_MODE = wholemodule;
				SWIFT_OPTIMIZATION_LEVEL = "-O";
				VALIDATE_PRODUCT = YES;
			};
			name = Release;
		};
		4E59AE7D21ABAC2600724830 /* Debug */ = {
			isa = XCBuildConfiguration;
			buildSettings = {
				ASSETCATALOG_COMPILER_APPICON_NAME = AppIcon;
				CODE_SIGN_STYLE = Automatic;
				INFOPLIST_FILE = Photorama/Info.plist;
				LD_RUNPATH_SEARCH_PATHS = (
					"$(inherited)",
					"@executable_path/Frameworks",
				);
				PRODUCT_BUNDLE_IDENTIFIER = com.bignerdranch.Photorama;
				PRODUCT_NAME = "$(TARGET_NAME)";
				SWIFT_VERSION = 4.2;
				TARGETED_DEVICE_FAMILY = "1,2";
			};
			name = Debug;
		};
		4E59AE7E21ABAC2600724830 /* Release */ = {
			isa = XCBuildConfiguration;
			buildSettings = {
				ASSETCATALOG_COMPILER_APPICON_NAME = AppIcon;
				CODE_SIGN_STYLE = Automatic;
				INFOPLIST_FILE = Photorama/Info.plist;
				LD_RUNPATH_SEARCH_PATHS = (
					"$(inherited)",
					"@executable_path/Frameworks",
				);
				PRODUCT_BUNDLE_IDENTIFIER = com.bignerdranch.Photorama;
				PRODUCT_NAME = "$(TARGET_NAME)";
				SWIFT_VERSION = 4.2;
				TARGETED_DEVICE_FAMILY = "1,2";
			};
			name = Release;
		};
		4E59AE8021ABAC2600724830 /* Debug */ = {
			isa = XCBuildConfiguration;
			buildSettings = {
				ALWAYS_EMBED_SWIFT_STANDARD_LIBRARIES = YES;
				BUNDLE_LOADER = "$(TEST_HOST)";
				CODE_SIGN_STYLE = Automatic;
				INFOPLIST_FILE = PhotoramaTests/Info.plist;
				LD_RUNPATH_SEARCH_PATHS = (
					"$(inherited)",
					"@executable_path/Frameworks",
					"@loader_path/Frameworks",
				);
				PRODUCT_BUNDLE_IDENTIFIER = com.bignerdranch.PhotoramaTests;
				PRODUCT_NAME = "$(TARGET_NAME)";
				SWIFT_VERSION = 4.2;
				TARGETED_DEVICE_FAMILY = "1,2";
				TEST_HOST = "$(BUILT_PRODUCTS_DIR)/Photorama.app/Photorama";
			};
			name = Debug;
		};
		4E59AE8121ABAC2600724830 /* Release */ = {
			isa = XCBuildConfiguration;
			buildSettings = {
				ALWAYS_EMBED_SWIFT_STANDARD_LIBRARIES = YES;
				BUNDLE_LOADER = "$(TEST_HOST)";
				CODE_SIGN_STYLE = Automatic;
				INFOPLIST_FILE = PhotoramaTests/Info.plist;
				LD_RUNPATH_SEARCH_PATHS = (
					"$(inherited)",
					"@executable_path/Frameworks",
					"@loader_path/Frameworks",
				);
				PRODUCT_BUNDLE_IDENTIFIER = com.bignerdranch.PhotoramaTests;
				PRODUCT_NAME = "$(TARGET_NAME)";
				SWIFT_VERSION = 4.2;
				TARGETED_DEVICE_FAMILY = "1,2";
				TEST_HOST = "$(BUILT_PRODUCTS_DIR)/Photorama.app/Photorama";
			};
			name = Release;
		};
		4E59AE8321ABAC2600724830 /* Debug */ = {
			isa = XCBuildConfiguration;
			buildSettings = {
				ALWAYS_EMBED_SWIFT_STANDARD_LIBRARIES = YES;
				CODE_SIGN_STYLE = Automatic;
				INFOPLIST_FILE = PhotoramaUITests/Info.plist;
				LD_RUNPATH_SEARCH_PATHS = (
					"$(inherited)",
					"@executable_path/Frameworks",
					"@loader_path/Frameworks",
				);
				PRODUCT_BUNDLE_IDENTIFIER = com.bignerdranch.PhotoramaUITests;
				PRODUCT_NAME = "$(TARGET_NAME)";
				SWIFT_VERSION = 4.2;
				TARGETED_DEVICE_FAMILY = "1,2";
				TEST_TARGET_NAME = Photorama;
			};
			name = Debug;
		};
		4E59AE8421ABAC2600724830 /* Release */ = {
			isa = XCBuildConfiguration;
			buildSettings = {
				ALWAYS_EMBED_SWIFT_STANDARD_LIBRARIES = YES;
				CODE_SIGN_STYLE = Automatic;
				INFOPLIST_FILE = PhotoramaUITests/Info.plist;
				LD_RUNPATH_SEARCH_PATHS = (
					"$(inherited)",
					"@executable_path/Frameworks",
					"@loader_path/Frameworks",
				);
				PRODUCT_BUNDLE_IDENTIFIER = com.bignerdranch.PhotoramaUITests;
				PRODUCT_NAME = "$(TARGET_NAME)";
				SWIFT_VERSION = 4.2;
				TARGETED_DEVICE_FAMILY = "1,2";
				TEST_TARGET_NAME = Photorama;
			};
			name = Release;
		};
/* End XCBuildConfiguration section */

/* Begin XCConfigurationList section */
		4E59AE4F21ABAC2300724830 /* Build configuration list for PBXProject "Photorama" */ = {
			isa = XCConfigurationList;
			buildConfigurations = (
				4E59AE7A21ABAC2600724830 /* Debug */,
				4E59AE7B21ABAC2600724830 /* Release */,
			);
			defaultConfigurationIsVisible = 0;
			defaultConfigurationName = Release;
		};
		4E59AE7C21ABAC2600724830 /* Build configuration list for PBXNativeTarget "Photorama" */ = {
			isa = XCConfigurationList;
			buildConfigurations = (
				4E59AE7D21ABAC2600724830 /* Debug */,
				4E59AE7E21ABAC2600724830 /* Release */,
			);
			defaultConfigurationIsVisible = 0;
			defaultConfigurationName = Release;
		};
		4E59AE7F21ABAC2600724830 /* Build configuration list for PBXNativeTarget "PhotoramaTests" */ = {
			isa = XCConfigurationList;
			buildConfigurations = (
				4E59AE8021ABAC2600724830 /* Debug */,
				4E59AE8121ABAC2600724830 /* Release */,
			);
			defaultConfigurationIsVisible = 0;
			defaultConfigurationName = Release;
		};
		4E59AE8221ABAC2600724830 /* Build configuration list for PBXNativeTarget "PhotoramaUITests" */ = {
			isa = XCConfigurationList;
			buildConfigurations = (
				4E59AE8321ABAC2600724830 /* Debug */,
				4E59AE8421ABAC2600724830 /* Release */,
			);
			defaultConfigurationIsVisible = 0;
			defaultConfigurationName = Release;
		};
/* End XCConfigurationList section */
	};
	rootObject = 4E59AE4C21ABAC2300724830 /* Project object */;
}
